
Microsoft Visual Studio Solution File, Format Version 12.00
# Visual Studio Version 17
VisualStudioVersion = 17.14.36414.22 d17.14
MinimumVisualStudioVersion = 10.0.40219.1
Project("{FAE04EC0-301F-11D3-BF4B-00C04F79EFBC}") = "be-pos-mini", "be-pos-mini\be-pos-mini.csproj", "{7E2DE5E9-B420-4251-A8FC-1DCE638155B3}"
EndProject
Global
	GlobalSection(SolutionConfigurationPlatforms) = preSolution
		Debug|Any CPU = Debug|Any CPU
		Release|Any CPU = Release|Any CPU
	EndGlobalSection
	GlobalSection(ProjectConfigurationPlatforms) = postSolution
		{7E2DE5E9-B420-4251-A8FC-1DCE638155B3}.Debug|Any CPU.ActiveCfg = Debug|Any CPU
		{7E2DE5E9-B420-4251-A8FC-1DCE638155B3}.Debug|Any CPU.Build.0 = Debug|Any CPU
		{7E2DE5E9-B420-4251-A8FC-1DCE638155B3}.Release|Any CPU.ActiveCfg = Release|Any CPU
		{7E2DE5E9-B420-4251-A8FC-1DCE638155B3}.Release|Any CPU.Build.0 = Release|Any CPU
	EndGlobalSection
	GlobalSection(SolutionProperties) = preSolution
		HideSolutionNode = FALSE
	EndGlobalSection
	GlobalSection(ExtensibilityGlobals) = postSolution
		SolutionGuid = {02F8B68C-F9F3-4F5A-97C8-25B54847601B}
	EndGlobalSection
EndGlobal
